// !$*UTF8*$!
{
	archiveVersion = 1;
	classes = {
	};
	objectVersion = 77;
	objects = {

/* Begin PBXBuildFile section */
		99CF80D72E1AEE55005CEE05 /* manager in Frameworks */ = {isa = PBXBuildFile; productRef = 99CF80D62E1AEE55005CEE05 /* manager */; };
		99CF80DC2E1AEEA4005CEE05 /* models in Frameworks */ = {isa = PBXBuildFile; productRef = 99CF80DB2E1AEEA4005CEE05 /* models */; };
/* End PBXBuildFile section */

/* Begin PBXContainerItemProxy section */
		99CF80B52E1AED76005CEE05 /* PBXContainerItemProxy */ = {
			isa = PBXContainerItemProxy;
			containerPortal = 99CF809D2E1AED75005CEE05 /* Project object */;
			proxyType = 1;
			remoteGlobalIDString = 99CF80A42E1AED75005CEE05;
			remoteInfo = "Hub Community";
		};
		99CF80BF2E1AED76005CEE05 /* PBXContainerItemProxy */ = {
			isa = PBXContainerItemProxy;
			containerPortal = 99CF809D2E1AED75005CEE05 /* Project object */;
			proxyType = 1;
			remoteGlobalIDString = 99CF80A42E1AED75005CEE05;
			remoteInfo = "Hub Community";
		};
/* End PBXContainerItemProxy section */

/* Begin PBXFileReference section */
		99CF80A52E1AED75005CEE05 /* Hub Community.app */ = {isa = PBXFileReference; explicitFileType = wrapper.application; includeInIndex = 0; path = "Hub Community.app"; sourceTree = BUILT_PRODUCTS_DIR; };
		99CF80B42E1AED76005CEE05 /* Hub CommunityTests.xctest */ = {isa = PBXFileReference; explicitFileType = wrapper.cfbundle; includeInIndex = 0; path = "Hub CommunityTests.xctest"; sourceTree = BUILT_PRODUCTS_DIR; };
		99CF80BE2E1AED76005CEE05 /* Hub CommunityUITests.xctest */ = {isa = PBXFileReference; explicitFileType = wrapper.cfbundle; includeInIndex = 0; path = "Hub CommunityUITests.xctest"; sourceTree = BUILT_PRODUCTS_DIR; };
		99CF80D22E1AEDB4005CEE05 /* api */ = {isa = PBXFileReference; lastKnownFileType = wrapper; path = api; sourceTree = "<group>"; };
		99CF80D32E1AEDCC005CEE05 /* storage */ = {isa = PBXFileReference; lastKnownFileType = wrapper; path = storage; sourceTree = "<group>"; };
		99CF80D42E1AEE04005CEE05 /* manager */ = {isa = PBXFileReference; lastKnownFileType = wrapper; path = manager; sourceTree = "<group>"; };
		99CF80DA2E1AEE83005CEE05 /* models */ = {isa = PBXFileReference; lastKnownFileType = wrapper; path = models; sourceTree = "<group>"; };
		99CF80DD2E1AEEB3005CEE05 /* TestPlan.xctestplan */ = {isa = PBXFileReference; lastKnownFileType = text; path = TestPlan.xctestplan; sourceTree = "<group>"; };
/* End PBXFileReference section */

/* Begin PBXFileSystemSynchronizedRootGroup section */
		99CF80A72E1AED75005CEE05 /* Hub Community */ = {
			isa = PBXFileSystemSynchronizedRootGroup;
			path = "Hub Community";
			sourceTree = "<group>";
		};
		99CF80B72E1AED76005CEE05 /* Hub CommunityTests */ = {
			isa = PBXFileSystemSynchronizedRootGroup;
			path = "Hub CommunityTests";
			sourceTree = "<group>";
		};
		99CF80C12E1AED76005CEE05 /* Hub CommunityUITests */ = {
			isa = PBXFileSystemSynchronizedRootGroup;
			path = "Hub CommunityUITests";
			sourceTree = "<group>";
		};
/* End PBXFileSystemSynchronizedRootGroup section */

/* Begin PBXFrameworksBuildPhase section */
		99CF80A22E1AED75005CEE05 /* Frameworks */ = {
			isa = PBXFrameworksBuildPhase;
			buildActionMask = 2147483647;
			files = (
				99CF80DC2E1AEEA4005CEE05 /* models in Frameworks */,
				99CF80D72E1AEE55005CEE05 /* manager in Frameworks */,
			);
			runOnlyForDeploymentPostprocessing = 0;
		};
		99CF80B12E1AED76005CEE05 /* Frameworks */ = {
			isa = PBXFrameworksBuildPhase;
			buildActionMask = 2147483647;
			files = (
			);
			runOnlyForDeploymentPostprocessing = 0;
		};
		99CF80BB2E1AED76005CEE05 /* Frameworks */ = {
			isa = PBXFrameworksBuildPhase;
			buildActionMask = 2147483647;
			files = (
			);
			runOnlyForDeploymentPostprocessing = 0;
		};
/* End PBXFrameworksBuildPhase section */

/* Begin PBXGroup section */
		99CF809C2E1AED75005CEE05 = {
			isa = PBXGroup;
			children = (
				99CF80DD2E1AEEB3005CEE05 /* TestPlan.xctestplan */,
				99CF80DA2E1AEE83005CEE05 /* models */,
				99CF80D42E1AEE04005CEE05 /* manager */,
				99CF80D32E1AEDCC005CEE05 /* storage */,
				99CF80D22E1AEDB4005CEE05 /* api */,
				99CF80A72E1AED75005CEE05 /* Hub Community */,
				99CF80B72E1AED76005CEE05 /* Hub CommunityTests */,
				99CF80C12E1AED76005CEE05 /* Hub CommunityUITests */,
				99CF80D52E1AEE55005CEE05 /* Frameworks */,
				99CF80A62E1AED75005CEE05 /* Products */,
			);
			sourceTree = "<group>";
		};
		99CF80A62E1AED75005CEE05 /* Products */ = {
			isa = PBXGroup;
			children = (
				99CF80A52E1AED75005CEE05 /* Hub Community.app */,
				99CF80B42E1AED76005CEE05 /* Hub CommunityTests.xctest */,
				99CF80BE2E1AED76005CEE05 /* Hub CommunityUITests.xctest */,
			);
			name = Products;
			sourceTree = "<group>";
		};
		99CF80D52E1AEE55005CEE05 /* Frameworks */ = {
			isa = PBXGroup;
			children = (
			);
			name = Frameworks;
			sourceTree = "<group>";
		};
/* End PBXGroup section */

/* Begin PBXNativeTarget section */
		99CF80A42E1AED75005CEE05 /* Hub Community */ = {
			isa = PBXNativeTarget;
			buildConfigurationList = 99CF80C82E1AED76005CEE05 /* Build configuration list for PBXNativeTarget "Hub Community" */;
			buildPhases = (
				99CF80A12E1AED75005CEE05 /* Sources */,
				99CF80A22E1AED75005CEE05 /* Frameworks */,
				99CF80A32E1AED75005CEE05 /* Resources */,
			);
			buildRules = (
			);
			dependencies = (
			);
			fileSystemSynchronizedGroups = (
				99CF80A72E1AED75005CEE05 /* Hub Community */,
			);
			name = "Hub Community";
			packageProductDependencies = (
				99CF80D62E1AEE55005CEE05 /* manager */,
				99CF80DB2E1AEEA4005CEE05 /* models */,
			);
			productName = "Hub Community";
			productReference = 99CF80A52E1AED75005CEE05 /* Hub Community.app */;
			productType = "com.apple.product-type.application";
		};
		99CF80B32E1AED76005CEE05 /* Hub CommunityTests */ = {
			isa = PBXNativeTarget;
			buildConfigurationList = 99CF80CB2E1AED76005CEE05 /* Build configuration list for PBXNativeTarget "Hub CommunityTests" */;
			buildPhases = (
				99CF80B02E1AED76005CEE05 /* Sources */,
				99CF80B12E1AED76005CEE05 /* Frameworks */,
				99CF80B22E1AED76005CEE05 /* Resources */,
			);
			buildRules = (
			);
			dependencies = (
				99CF80B62E1AED76005CEE05 /* PBXTargetDependency */,
			);
			fileSystemSynchronizedGroups = (
				99CF80B72E1AED76005CEE05 /* Hub CommunityTests */,
			);
			name = "Hub CommunityTests";
			packageProductDependencies = (
			);
			productName = "Hub CommunityTests";
			productReference = 99CF80B42E1AED76005CEE05 /* Hub CommunityTests.xctest */;
			productType = "com.apple.product-type.bundle.unit-test";
		};
		99CF80BD2E1AED76005CEE05 /* Hub CommunityUITests */ = {
			isa = PBXNativeTarget;
			buildConfigurationList = 99CF80CE2E1AED76005CEE05 /* Build configuration list for PBXNativeTarget "Hub CommunityUITests" */;
			buildPhases = (
				99CF80BA2E1AED76005CEE05 /* Sources */,
				99CF80BB2E1AED76005CEE05 /* Frameworks */,
				99CF80BC2E1AED76005CEE05 /* Resources */,
			);
			buildRules = (
			);
			dependencies = (
				99CF80C02E1AED76005CEE05 /* PBXTargetDependency */,
			);
			fileSystemSynchronizedGroups = (
				99CF80C12E1AED76005CEE05 /* Hub CommunityUITests */,
			);
			name = "Hub CommunityUITests";
			packageProductDependencies = (
			);
			productName = "Hub CommunityUITests";
			productReference = 99CF80BE2E1AED76005CEE05 /* Hub CommunityUITests.xctest */;
			productType = "com.apple.product-type.bundle.ui-testing";
		};
/* End PBXNativeTarget section */

/* Begin PBXProject section */
		99CF809D2E1AED75005CEE05 /* Project object */ = {
			isa = PBXProject;
			attributes = {
				BuildIndependentTargetsInParallel = 1;
				LastSwiftUpdateCheck = 1640;
				LastUpgradeCheck = 1640;
				TargetAttributes = {
					99CF80A42E1AED75005CEE05 = {
						CreatedOnToolsVersion = 16.4;
					};
					99CF80B32E1AED76005CEE05 = {
						CreatedOnToolsVersion = 16.4;
						TestTargetID = 99CF80A42E1AED75005CEE05;
					};
					99CF80BD2E1AED76005CEE05 = {
						CreatedOnToolsVersion = 16.4;
						TestTargetID = 99CF80A42E1AED75005CEE05;
					};
				};
			};
			buildConfigurationList = 99CF80A02E1AED75005CEE05 /* Build configuration list for PBXProject "Hub Community" */;
			developmentRegion = en;
			hasScannedForEncodings = 0;
			knownRegions = (
				en,
				Base,
			);
			mainGroup = 99CF809C2E1AED75005CEE05;
			minimizedProjectReferenceProxies = 1;
			preferredProjectObjectVersion = 77;
			productRefGroup = 99CF80A62E1AED75005CEE05 /* Products */;
			projectDirPath = "";
			projectRoot = "";
			targets = (
				99CF80A42E1AED75005CEE05 /* Hub Community */,
				99CF80B32E1AED76005CEE05 /* Hub CommunityTests */,
				99CF80BD2E1AED76005CEE05 /* Hub CommunityUITests */,
			);
		};
/* End PBXProject section */

/* Begin PBXResourcesBuildPhase section */
		99CF80A32E1AED75005CEE05 /* Resources */ = {
			isa = PBXResourcesBuildPhase;
			buildActionMask = 2147483647;
			files = (
			);
			runOnlyForDeploymentPostprocessing = 0;
		};
		99CF80B22E1AED76005CEE05 /* Resources */ = {
			isa = PBXResourcesBuildPhase;
			buildActionMask = 2147483647;
			files = (
			);
			runOnlyForDeploymentPostprocessing = 0;
		};
		99CF80BC2E1AED76005CEE05 /* Resources */ = {
			isa = PBXResourcesBuildPhase;
			buildActionMask = 2147483647;
			files = (
			);
			runOnlyForDeploymentPostprocessing = 0;
		};
/* End PBXResourcesBuildPhase section */

/* Begin PBXSourcesBuildPhase section */
		99CF80A12E1AED75005CEE05 /* Sources */ = {
			isa = PBXSourcesBuildPhase;
			buildActionMask = 2147483647;
			files = (
			);
			runOnlyForDeploymentPostprocessing = 0;
		};
		99CF80B02E1AED76005CEE05 /* Sources */ = {
			isa = PBXSourcesBuildPhase;
			buildActionMask = 2147483647;
			files = (
			);
			runOnlyForDeploymentPostprocessing = 0;
		};
		99CF80BA2E1AED76005CEE05 /* Sources */ = {
			isa = PBXSourcesBuildPhase;
			buildActionMask = 2147483647;
			files = (
			);
			runOnlyForDeploymentPostprocessing = 0;
		};
/* End PBXSourcesBuildPhase section */

/* Begin PBXTargetDependency section */
		99CF80B62E1AED76005CEE05 /* PBXTargetDependency */ = {
			isa = PBXTargetDependency;
			target = 99CF80A42E1AED75005CEE05 /* Hub Community */;
			targetProxy = 99CF80B52E1AED76005CEE05 /* PBXContainerItemProxy */;
		};
		99CF80C02E1AED76005CEE05 /* PBXTargetDependency */ = {
			isa = PBXTargetDependency;
			target = 99CF80A42E1AED75005CEE05 /* Hub Community */;
			targetProxy = 99CF80BF2E1AED76005CEE05 /* PBXContainerItemProxy */;
		};
/* End PBXTargetDependency section */

/* Begin XCBuildConfiguration section */
		99CF80C62E1AED76005CEE05 /* Debug */ = {
			isa = XCBuildConfiguration;
			buildSettings = {
				ALWAYS_SEARCH_USER_PATHS = NO;
				ASSETCATALOG_COMPILER_GENERATE_SWIFT_ASSET_SYMBOL_EXTENSIONS = YES;
				CLANG_ANALYZER_NONNULL = YES;
				CLANG_ANALYZER_NUMBER_OBJECT_CONVERSION = YES_AGGRESSIVE;
				CLANG_CXX_LANGUAGE_STANDARD = "gnu++20";
				CLANG_ENABLE_MODULES = YES;
				CLANG_ENABLE_OBJC_ARC = YES;
				CLANG_ENABLE_OBJC_WEAK = YES;
				CLANG_WARN_BLOCK_CAPTURE_AUTORELEASING = YES;
				CLANG_WARN_BOOL_CONVERSION = YES;
				CLANG_WARN_COMMA = YES;
				CLANG_WARN_CONSTANT_CONVERSION = YES;
				CLANG_WARN_DEPRECATED_OBJC_IMPLEMENTATIONS = YES;
				CLANG_WARN_DIRECT_OBJC_ISA_USAGE = YES_ERROR;
				CLANG_WARN_DOCUMENTATION_COMMENTS = YES;
				CLANG_WARN_EMPTY_BODY = YES;
				CLANG_WARN_ENUM_CONVERSION = YES;
				CLANG_WARN_INFINITE_RECURSION = YES;
				CLANG_WARN_INT_CONVERSION = YES;
				CLANG_WARN_NON_LITERAL_NULL_CONVERSION = YES;
				CLANG_WARN_OBJC_IMPLICIT_RETAIN_SELF = YES;
				CLANG_WARN_OBJC_LITERAL_CONVERSION = YES;
				CLANG_WARN_OBJC_ROOT_CLASS = YES_ERROR;
				CLANG_WARN_QUOTED_INCLUDE_IN_FRAMEWORK_HEADER = YES;
				CLANG_WARN_RANGE_LOOP_ANALYSIS = YES;
				CLANG_WARN_STRICT_PROTOTYPES = YES;
				CLANG_WARN_SUSPICIOUS_MOVE = YES;
				CLANG_WARN_UNGUARDED_AVAILABILITY = YES_AGGRESSIVE;
				CLANG_WARN_UNREACHABLE_CODE = YES;
				CLANG_WARN__DUPLICATE_METHOD_MATCH = YES;
				COPY_PHASE_STRIP = NO;
				DEBUG_INFORMATION_FORMAT = dwarf;
				ENABLE_STRICT_OBJC_MSGSEND = YES;
				ENABLE_TESTABILITY = YES;
				ENABLE_USER_SCRIPT_SANDBOXING = YES;
				GCC_C_LANGUAGE_STANDARD = gnu17;
				GCC_DYNAMIC_NO_PIC = NO;
				GCC_NO_COMMON_BLOCKS = YES;
				GCC_OPTIMIZATION_LEVEL = 0;
				GCC_PREPROCESSOR_DEFINITIONS = (
					"DEBUG=1",
					"$(inherited)",
				);
				GCC_WARN_64_TO_32_BIT_CONVERSION = YES;
				GCC_WARN_ABOUT_RETURN_TYPE = YES_ERROR;
				GCC_WARN_UNDECLARED_SELECTOR = YES;
				GCC_WARN_UNINITIALIZED_AUTOS = YES_AGGRESSIVE;
				GCC_WARN_UNUSED_FUNCTION = YES;
				GCC_WARN_UNUSED_VARIABLE = YES;
				IPHONEOS_DEPLOYMENT_TARGET = 18.5;
				LOCALIZATION_PREFERS_STRING_CATALOGS = YES;
				MTL_ENABLE_DEBUG_INFO = INCLUDE_SOURCE;
				MTL_FAST_MATH = YES;
				ONLY_ACTIVE_ARCH = YES;
				SDKROOT = iphoneos;
				SWIFT_ACTIVE_COMPILATION_CONDITIONS = "DEBUG $(inherited)";
				SWIFT_OPTIMIZATION_LEVEL = "-Onone";
			};
			name = Debug;
		};
		99CF80C72E1AED76005CEE05 /* Release */ = {
			isa = XCBuildConfiguration;
			buildSettings = {
				ALWAYS_SEARCH_USER_PATHS = NO;
				ASSETCATALOG_COMPILER_GENERATE_SWIFT_ASSET_SYMBOL_EXTENSIONS = YES;
				CLANG_ANALYZER_NONNULL = YES;
				CLANG_ANALYZER_NUMBER_OBJECT_CONVERSION = YES_AGGRESSIVE;
				CLANG_CXX_LANGUAGE_STANDARD = "gnu++20";
				CLANG_ENABLE_MODULES = YES;
				CLANG_ENABLE_OBJC_ARC = YES;
				CLANG_ENABLE_OBJC_WEAK = YES;
				CLANG_WARN_BLOCK_CAPTURE_AUTORELEASING = YES;
				CLANG_WARN_BOOL_CONVERSION = YES;
				CLANG_WARN_COMMA = YES;
				CLANG_WARN_CONSTANT_CONVERSION = YES;
				CLANG_WARN_DEPRECATED_OBJC_IMPLEMENTATIONS = YES;
				CLANG_WARN_DIRECT_OBJC_ISA_USAGE = YES_ERROR;
				CLANG_WARN_DOCUMENTATION_COMMENTS = YES;
				CLANG_WARN_EMPTY_BODY = YES;
				CLANG_WARN_ENUM_CONVERSION = YES;
				CLANG_WARN_INFINITE_RECURSION = YES;
				CLANG_WARN_INT_CONVERSION = YES;
				CLANG_WARN_NON_LITERAL_NULL_CONVERSION = YES;
				CLANG_WARN_OBJC_IMPLICIT_RETAIN_SELF = YES;
				CLANG_WARN_OBJC_LITERAL_CONVERSION = YES;
				CLANG_WARN_OBJC_ROOT_CLASS = YES_ERROR;
				CLANG_WARN_QUOTED_INCLUDE_IN_FRAMEWORK_HEADER = YES;
				CLANG_WARN_RANGE_LOOP_ANALYSIS = YES;
				CLANG_WARN_STRICT_PROTOTYPES = YES;
				CLANG_WARN_SUSPICIOUS_MOVE = YES;
				CLANG_WARN_UNGUARDED_AVAILABILITY = YES_AGGRESSIVE;
				CLANG_WARN_UNREACHABLE_CODE = YES;
				CLANG_WARN__DUPLICATE_METHOD_MATCH = YES;
				COPY_PHASE_STRIP = NO;
				DEBUG_INFORMATION_FORMAT = "dwarf-with-dsym";
				ENABLE_NS_ASSERTIONS = NO;
				ENABLE_STRICT_OBJC_MSGSEND = YES;
				ENABLE_USER_SCRIPT_SANDBOXING = YES;
				GCC_C_LANGUAGE_STANDARD = gnu17;
				GCC_NO_COMMON_BLOCKS = YES;
				GCC_WARN_64_TO_32_BIT_CONVERSION = YES;
				GCC_WARN_ABOUT_RETURN_TYPE = YES_ERROR;
				GCC_WARN_UNDECLARED_SELECTOR = YES;
				GCC_WARN_UNINITIALIZED_AUTOS = YES_AGGRESSIVE;
				GCC_WARN_UNUSED_FUNCTION = YES;
				GCC_WARN_UNUSED_VARIABLE = YES;
				IPHONEOS_DEPLOYMENT_TARGET = 18.5;
				LOCALIZATION_PREFERS_STRING_CATALOGS = YES;
				MTL_ENABLE_DEBUG_INFO = NO;
				MTL_FAST_MATH = YES;
				SDKROOT = iphoneos;
				SWIFT_COMPILATION_MODE = wholemodule;
				VALIDATE_PRODUCT = YES;
			};
			name = Release;
		};
		99CF80C92E1AED76005CEE05 /* Debug */ = {
			isa = XCBuildConfiguration;
			buildSettings = {
				ASSETCATALOG_COMPILER_APPICON_NAME = AppIcon;
				ASSETCATALOG_COMPILER_GLOBAL_ACCENT_COLOR_NAME = AccentColor;
				CODE_SIGN_STYLE = Automatic;
				CURRENT_PROJECT_VERSION = 1;
				ENABLE_PREVIEWS = YES;
				GENERATE_INFOPLIST_FILE = YES;
				INFOPLIST_KEY_UIApplicationSceneManifest_Generation = YES;
				INFOPLIST_KEY_UIApplicationSupportsIndirectInputEvents = YES;
				INFOPLIST_KEY_UILaunchScreen_Generation = YES;
				INFOPLIST_KEY_UISupportedInterfaceOrientations_iPad = "UIInterfaceOrientationPortrait UIInterfaceOrientationPortraitUpsideDown UIInterfaceOrientationLandscapeLeft UIInterfaceOrientationLandscapeRight";
				INFOPLIST_KEY_UISupportedInterfaceOrientations_iPhone = "UIInterfaceOrientationPortrait UIInterfaceOrientationLandscapeLeft UIInterfaceOrientationLandscapeRight";
				IPHONEOS_DEPLOYMENT_TARGET = 17.6;
				LD_RUNPATH_SEARCH_PATHS = (
					"$(inherited)",
					"@executable_path/Frameworks",
				);
				MARKETING_VERSION = 1.0;
				PRODUCT_BUNDLE_IDENTIFIER = "io.hubcommunity.Hub-Community";
				PRODUCT_NAME = "$(TARGET_NAME)";
				SWIFT_EMIT_LOC_STRINGS = YES;
				SWIFT_VERSION = 5.0;
				TARGETED_DEVICE_FAMILY = "1,2";
			};
			name = Debug;
		};
		99CF80CA2E1AED76005CEE05 /* Release */ = {
			isa = XCBuildConfiguration;
			buildSettings = {
				ASSETCATALOG_COMPILER_APPICON_NAME = AppIcon;
				ASSETCATALOG_COMPILER_GLOBAL_ACCENT_COLOR_NAME = AccentColor;
				CODE_SIGN_STYLE = Automatic;
				CURRENT_PROJECT_VERSION = 1;
				ENABLE_PREVIEWS = YES;
				GENERATE_INFOPLIST_FILE = YES;
				INFOPLIST_KEY_UIApplicationSceneManifest_Generation = YES;
				INFOPLIST_KEY_UIApplicationSupportsIndirectInputEvents = YES;
				INFOPLIST_KEY_UILaunchScreen_Generation = YES;
				INFOPLIST_KEY_UISupportedInterfaceOrientations_iPad = "UIInterfaceOrientationPortrait UIInterfaceOrientationPortraitUpsideDown UIInterfaceOrientationLandscapeLeft UIInterfaceOrientationLandscapeRight";
				INFOPLIST_KEY_UISupportedInterfaceOrientations_iPhone = "UIInterfaceOrientationPortrait UIInterfaceOrientationLandscapeLeft UIInterfaceOrientationLandscapeRight";
				IPHONEOS_DEPLOYMENT_TARGET = 17.6;
				LD_RUNPATH_SEARCH_PATHS = (
					"$(inherited)",
					"@executable_path/Frameworks",
				);
				MARKETING_VERSION = 1.0;
				PRODUCT_BUNDLE_IDENTIFIER = "io.hubcommunity.Hub-Community";
				PRODUCT_NAME = "$(TARGET_NAME)";
				SWIFT_EMIT_LOC_STRINGS = YES;
				SWIFT_VERSION = 5.0;
				TARGETED_DEVICE_FAMILY = "1,2";
			};
			name = Release;
		};
		99CF80CC2E1AED76005CEE05 /* Debug */ = {
			isa = XCBuildConfiguration;
			buildSettings = {
				BUNDLE_LOADER = "$(TEST_HOST)";
				CODE_SIGN_STYLE = Automatic;
				CURRENT_PROJECT_VERSION = 1;
				GENERATE_INFOPLIST_FILE = YES;
				IPHONEOS_DEPLOYMENT_TARGET = 18.5;
				MARKETING_VERSION = 1.0;
				PRODUCT_BUNDLE_IDENTIFIER = "io.hubcommunity.Hub-CommunityTests";
				PRODUCT_NAME = "$(TARGET_NAME)";
				SWIFT_EMIT_LOC_STRINGS = NO;
				SWIFT_VERSION = 5.0;
				TARGETED_DEVICE_FAMILY = "1,2";
				TEST_HOST = "$(BUILT_PRODUCTS_DIR)/Hub Community.app/$(BUNDLE_EXECUTABLE_FOLDER_PATH)/Hub Community";
			};
			name = Debug;
		};
		99CF80CD2E1AED76005CEE05 /* Release */ = {
			isa = XCBuildConfiguration;
			buildSettings = {
				BUNDLE_LOADER = "$(TEST_HOST)";
				CODE_SIGN_STYLE = Automatic;
				CURRENT_PROJECT_VERSION = 1;
				GENERATE_INFOPLIST_FILE = YES;
				IPHONEOS_DEPLOYMENT_TARGET = 18.5;
				MARKETING_VERSION = 1.0;
				PRODUCT_BUNDLE_IDENTIFIER = "io.hubcommunity.Hub-CommunityTests";
				PRODUCT_NAME = "$(TARGET_NAME)";
				SWIFT_EMIT_LOC_STRINGS = NO;
				SWIFT_VERSION = 5.0;
				TARGETED_DEVICE_FAMILY = "1,2";
				TEST_HOST = "$(BUILT_PRODUCTS_DIR)/Hub Community.app/$(BUNDLE_EXECUTABLE_FOLDER_PATH)/Hub Community";
			};
			name = Release;
		};
		99CF80CF2E1AED76005CEE05 /* Debug */ = {
			isa = XCBuildConfiguration;
			buildSettings = {
				CODE_SIGN_STYLE = Automatic;
				CURRENT_PROJECT_VERSION = 1;
				GENERATE_INFOPLIST_FILE = YES;
				MARKETING_VERSION = 1.0;
				PRODUCT_BUNDLE_IDENTIFIER = "io.hubcommunity.Hub-CommunityUITests";
				PRODUCT_NAME = "$(TARGET_NAME)";
				SWIFT_EMIT_LOC_STRINGS = NO;
				SWIFT_VERSION = 5.0;
				TARGETED_DEVICE_FAMILY = "1,2";
				TEST_TARGET_NAME = "Hub Community";
			};
			name = Debug;
		};
		99CF80D02E1AED76005CEE05 /* Release */ = {
			isa = XCBuildConfiguration;
			buildSettings = {
				CODE_SIGN_STYLE = Automatic;
				CURRENT_PROJECT_VERSION = 1;
				GENERATE_INFOPLIST_FILE = YES;
				MARKETING_VERSION = 1.0;
				PRODUCT_BUNDLE_IDENTIFIER = "io.hubcommunity.Hub-CommunityUITests";
				PRODUCT_NAME = "$(TARGET_NAME)";
				SWIFT_EMIT_LOC_STRINGS = NO;
				SWIFT_VERSION = 5.0;
				TARGETED_DEVICE_FAMILY = "1,2";
				TEST_TARGET_NAME = "Hub Community";
			};
			name = Release;
		};
/* End XCBuildConfiguration section */

/* Begin XCConfigurationList section */
		99CF80A02E1AED75005CEE05 /* Build configuration list for PBXProject "Hub Community" */ = {
			isa = XCConfigurationList;
			buildConfigurations = (
				99CF80C62E1AED76005CEE05 /* Debug */,
				99CF80C72E1AED76005CEE05 /* Release */,
			);
			defaultConfigurationIsVisible = 0;
			defaultConfigurationName = Release;
		};
		99CF80C82E1AED76005CEE05 /* Build configuration list for PBXNativeTarget "Hub Community" */ = {
			isa = XCConfigurationList;
			buildConfigurations = (
				99CF80C92E1AED76005CEE05 /* Debug */,
				99CF80CA2E1AED76005CEE05 /* Release */,
			);
			defaultConfigurationIsVisible = 0;
			defaultConfigurationName = Release;
		};
		99CF80CB2E1AED76005CEE05 /* Build configuration list for PBXNativeTarget "Hub CommunityTests" */ = {
			isa = XCConfigurationList;
			buildConfigurations = (
				99CF80CC2E1AED76005CEE05 /* Debug */,
				99CF80CD2E1AED76005CEE05 /* Release */,
			);
			defaultConfigurationIsVisible = 0;
			defaultConfigurationName = Release;
		};
		99CF80CE2E1AED76005CEE05 /* Build configuration list for PBXNativeTarget "Hub CommunityUITests" */ = {
			isa = XCConfigurationList;
			buildConfigurations = (
				99CF80CF2E1AED76005CEE05 /* Debug */,
				99CF80D02E1AED76005CEE05 /* Release */,
			);
			defaultConfigurationIsVisible = 0;
			defaultConfigurationName = Release;
		};
/* End XCConfigurationList section */

/* Begin XCSwiftPackageProductDependency section */
		99CF80D62E1AEE55005CEE05 /* manager */ = {
			isa = XCSwiftPackageProductDependency;
			productName = manager;
		};
		99CF80DB2E1AEEA4005CEE05 /* models */ = {
			isa = XCSwiftPackageProductDependency;
			productName = models;
		};
/* End XCSwiftPackageProductDependency section */
	};
	rootObject = 99CF809D2E1AED75005CEE05 /* Project object */;
}
